// !$*UTF8*$!
{
	archiveVersion = 1;
	classes = {
	};
	objectVersion = 46;
	objects = {

/* Begin PBXBuildFile section */
		7EA1CB01F340C2EDF20BE29F /* Pods_Structure_IOS.framework in Frameworks */ = {isa = PBXBuildFile; fileRef = 7D20A3FE6772D45D22CEB40A /* Pods_Structure_IOS.framework */; };
		BF0A01CD207B6FF8002AD1DF /* SearchNavigator.swift in Sources */ = {isa = PBXBuildFile; fileRef = BF0A01CC207B6FF8002AD1DF /* SearchNavigator.swift */; };
		BF3427251F9EE3D80083B79E /* BaseUIViewController.swift in Sources */ = {isa = PBXBuildFile; fileRef = BF3427241F9EE3D80083B79E /* BaseUIViewController.swift */; };
		BF34272E1F9EF1EE0083B79E /* ListUsersViewController.swift in Sources */ = {isa = PBXBuildFile; fileRef = BF34272C1F9EF1EE0083B79E /* ListUsersViewController.swift */; };
		BF34272F1F9EF1EE0083B79E /* ListUsersViewController.xib in Resources */ = {isa = PBXBuildFile; fileRef = BF34272D1F9EF1EE0083B79E /* ListUsersViewController.xib */; };
		BF3427341F9EF3A20083B79E /* ListUsersTableViewCell.swift in Sources */ = {isa = PBXBuildFile; fileRef = BF3427321F9EF3A20083B79E /* ListUsersTableViewCell.swift */; };
		BF3427351F9EF3A20083B79E /* ListUsersTableViewCell.xib in Resources */ = {isa = PBXBuildFile; fileRef = BF3427331F9EF3A20083B79E /* ListUsersTableViewCell.xib */; };
		BF34273A1F9F37C90083B79E /* UIViewControllerExtendsion.swift in Sources */ = {isa = PBXBuildFile; fileRef = BF3427391F9F37C90083B79E /* UIViewControllerExtendsion.swift */; };
		BF34273C1F9F387D0083B79E /* AlertViewControllerExtendsion.swift in Sources */ = {isa = PBXBuildFile; fileRef = BF34273B1F9F387D0083B79E /* AlertViewControllerExtendsion.swift */; };
		BF37BFF3209C5A2900CCBC48 /* ObservableExtension.swift in Sources */ = {isa = PBXBuildFile; fileRef = BF37BFF2209C5A2900CCBC48 /* ObservableExtension.swift */; };
		BF48AFB8207B2098002764A1 /* LocalDatabase.swift in Sources */ = {isa = PBXBuildFile; fileRef = BF48AFB7207B2098002764A1 /* LocalDatabase.swift */; };
		BF48AFBC207B20D4002764A1 /* CustomView.swift in Sources */ = {isa = PBXBuildFile; fileRef = BF48AFBB207B20D4002764A1 /* CustomView.swift */; };
		BF5AD977209C3F9700F0CF6E /* SearchContract.swift in Sources */ = {isa = PBXBuildFile; fileRef = BF5AD976209C3F9700F0CF6E /* SearchContract.swift */; };
		BF5AD979209C431600F0CF6E /* SearchPresenter.swift in Sources */ = {isa = PBXBuildFile; fileRef = BF5AD978209C431600F0CF6E /* SearchPresenter.swift */; };
		BF5DF85D2081122F00D52EC7 /* BaseUploadRequest.swift in Sources */ = {isa = PBXBuildFile; fileRef = BF5DF85C2081122F00D52EC7 /* BaseUploadRequest.swift */; };
		BF6BD7D31F9D9A1B005AE359 /* UserRepository.swift in Sources */ = {isa = PBXBuildFile; fileRef = BF6BD7D21F9D9A1B005AE359 /* UserRepository.swift */; };
		BF7DEA2820AC6CE2001692B6 /* BaseNavigator.swift in Sources */ = {isa = PBXBuildFile; fileRef = BF7DEA2720AC6CE2001692B6 /* BaseNavigator.swift */; };
		BFACA53F1F9B2499003EB555 /* AppDelegate.swift in Sources */ = {isa = PBXBuildFile; fileRef = BFACA53E1F9B2499003EB555 /* AppDelegate.swift */; };
		BFACA5411F9B2499003EB555 /* SearchViewController.swift in Sources */ = {isa = PBXBuildFile; fileRef = BFACA5401F9B2499003EB555 /* SearchViewController.swift */; };
		BFACA5441F9B2499003EB555 /* Main.storyboard in Resources */ = {isa = PBXBuildFile; fileRef = BFACA5421F9B2499003EB555 /* Main.storyboard */; };
		BFACA5461F9B2499003EB555 /* Assets.xcassets in Resources */ = {isa = PBXBuildFile; fileRef = BFACA5451F9B2499003EB555 /* Assets.xcassets */; };
		BFACA55F1F9B3FB9003EB555 /* APIService.swift in Sources */ = {isa = PBXBuildFile; fileRef = BFACA55E1F9B3FB9003EB555 /* APIService.swift */; };
		BFACA5611F9B4CE1003EB555 /* Constants.swift in Sources */ = {isa = PBXBuildFile; fileRef = BFACA5601F9B4CE1003EB555 /* Constants.swift */; };
		BFACA5671F9BA8E5003EB555 /* SearchRequest.swift in Sources */ = {isa = PBXBuildFile; fileRef = BFACA5661F9BA8E5003EB555 /* SearchRequest.swift */; };
		BFACA5691F9BA934003EB555 /* BaseRequest.swift in Sources */ = {isa = PBXBuildFile; fileRef = BFACA5681F9BA934003EB555 /* BaseRequest.swift */; };
		BFACA56D1F9C7538003EB555 /* CustomRequestAdapter.swift in Sources */ = {isa = PBXBuildFile; fileRef = BFACA56C1F9C7538003EB555 /* CustomRequestAdapter.swift */; };
		BFACA5711F9C7B5B003EB555 /* ErrorResponse.swift in Sources */ = {isa = PBXBuildFile; fileRef = BFACA5701F9C7B5B003EB555 /* ErrorResponse.swift */; };
		BFACA5731F9C7E36003EB555 /* SearchResponse.swift in Sources */ = {isa = PBXBuildFile; fileRef = BFACA5721F9C7E36003EB555 /* SearchResponse.swift */; };
		BFACA5751F9CED73003EB555 /* User.swift in Sources */ = {isa = PBXBuildFile; fileRef = BFACA5741F9CED73003EB555 /* User.swift */; };
		BFACA5781F9CEDBE003EB555 /* BaseModel.swift in Sources */ = {isa = PBXBuildFile; fileRef = BFACA5771F9CEDBE003EB555 /* BaseModel.swift */; };
		BFBF4CFE1F9DC3CA00F1E48B /* BaseError.swift in Sources */ = {isa = PBXBuildFile; fileRef = BFBF4CFD1F9DC3CA00F1E48B /* BaseError.swift */; };
		BFBF4D011F9DD9A400F1E48B /* URLs.swift in Sources */ = {isa = PBXBuildFile; fileRef = BFBF4D001F9DD9A400F1E48B /* URLs.swift */; };
		BFC08F58207F5CE900B79266 /* UserItemViewModel.swift in Sources */ = {isa = PBXBuildFile; fileRef = BFC08F57207F5CE900B79266 /* UserItemViewModel.swift */; };
/* End PBXBuildFile section */

/* Begin PBXFileReference section */
		129EA84272B1A0610498CC0B /* Pods-Structure_IOS.release.xcconfig */ = {isa = PBXFileReference; includeInIndex = 1; lastKnownFileType = text.xcconfig; name = "Pods-Structure_IOS.release.xcconfig"; path = "Pods/Target Support Files/Pods-Structure_IOS/Pods-Structure_IOS.release.xcconfig"; sourceTree = "<group>"; };
		71E2255F413B57587C762BDB /* Pods-Structure_IOS.debug.xcconfig */ = {isa = PBXFileReference; includeInIndex = 1; lastKnownFileType = text.xcconfig; name = "Pods-Structure_IOS.debug.xcconfig"; path = "Pods/Target Support Files/Pods-Structure_IOS/Pods-Structure_IOS.debug.xcconfig"; sourceTree = "<group>"; };
		7D20A3FE6772D45D22CEB40A /* Pods_Structure_IOS.framework */ = {isa = PBXFileReference; explicitFileType = wrapper.framework; includeInIndex = 0; path = Pods_Structure_IOS.framework; sourceTree = BUILT_PRODUCTS_DIR; };
		BF0A01CC207B6FF8002AD1DF /* SearchNavigator.swift */ = {isa = PBXFileReference; lastKnownFileType = sourcecode.swift; path = SearchNavigator.swift; sourceTree = "<group>"; };
		BF3427241F9EE3D80083B79E /* BaseUIViewController.swift */ = {isa = PBXFileReference; fileEncoding = 4; lastKnownFileType = sourcecode.swift; path = BaseUIViewController.swift; sourceTree = "<group>"; };
		BF34272C1F9EF1EE0083B79E /* ListUsersViewController.swift */ = {isa = PBXFileReference; fileEncoding = 4; lastKnownFileType = sourcecode.swift; path = ListUsersViewController.swift; sourceTree = "<group>"; };
		BF34272D1F9EF1EE0083B79E /* ListUsersViewController.xib */ = {isa = PBXFileReference; fileEncoding = 4; lastKnownFileType = file.xib; path = ListUsersViewController.xib; sourceTree = "<group>"; };
		BF3427321F9EF3A20083B79E /* ListUsersTableViewCell.swift */ = {isa = PBXFileReference; fileEncoding = 4; lastKnownFileType = sourcecode.swift; path = ListUsersTableViewCell.swift; sourceTree = "<group>"; };
		BF3427331F9EF3A20083B79E /* ListUsersTableViewCell.xib */ = {isa = PBXFileReference; fileEncoding = 4; lastKnownFileType = file.xib; path = ListUsersTableViewCell.xib; sourceTree = "<group>"; };
		BF3427391F9F37C90083B79E /* UIViewControllerExtendsion.swift */ = {isa = PBXFileReference; fileEncoding = 4; lastKnownFileType = sourcecode.swift; path = UIViewControllerExtendsion.swift; sourceTree = "<group>"; };
		BF34273B1F9F387D0083B79E /* AlertViewControllerExtendsion.swift */ = {isa = PBXFileReference; fileEncoding = 4; lastKnownFileType = sourcecode.swift; path = AlertViewControllerExtendsion.swift; sourceTree = "<group>"; };
		BF37BFF2209C5A2900CCBC48 /* ObservableExtension.swift */ = {isa = PBXFileReference; lastKnownFileType = sourcecode.swift; path = ObservableExtension.swift; sourceTree = "<group>"; };
		BF48AFB7207B2098002764A1 /* LocalDatabase.swift */ = {isa = PBXFileReference; lastKnownFileType = sourcecode.swift; path = LocalDatabase.swift; sourceTree = "<group>"; };
		BF48AFBB207B20D4002764A1 /* CustomView.swift */ = {isa = PBXFileReference; lastKnownFileType = sourcecode.swift; path = CustomView.swift; sourceTree = "<group>"; };
		BF5AD976209C3F9700F0CF6E /* SearchContract.swift */ = {isa = PBXFileReference; lastKnownFileType = sourcecode.swift; path = SearchContract.swift; sourceTree = "<group>"; };
		BF5AD978209C431600F0CF6E /* SearchPresenter.swift */ = {isa = PBXFileReference; lastKnownFileType = sourcecode.swift; path = SearchPresenter.swift; sourceTree = "<group>"; };
		BF5DF85C2081122F00D52EC7 /* BaseUploadRequest.swift */ = {isa = PBXFileReference; lastKnownFileType = sourcecode.swift; path = BaseUploadRequest.swift; sourceTree = "<group>"; };
		BF6BD7D21F9D9A1B005AE359 /* UserRepository.swift */ = {isa = PBXFileReference; fileEncoding = 4; lastKnownFileType = sourcecode.swift; path = UserRepository.swift; sourceTree = "<group>"; };
		BF7DEA2720AC6CE2001692B6 /* BaseNavigator.swift */ = {isa = PBXFileReference; lastKnownFileType = sourcecode.swift; path = BaseNavigator.swift; sourceTree = "<group>"; };
		BFACA53B1F9B2499003EB555 /* Structure_IOS.app */ = {isa = PBXFileReference; explicitFileType = wrapper.application; includeInIndex = 0; path = Structure_IOS.app; sourceTree = BUILT_PRODUCTS_DIR; };
		BFACA53E1F9B2499003EB555 /* AppDelegate.swift */ = {isa = PBXFileReference; lastKnownFileType = sourcecode.swift; path = AppDelegate.swift; sourceTree = "<group>"; };
		BFACA5401F9B2499003EB555 /* SearchViewController.swift */ = {isa = PBXFileReference; lastKnownFileType = sourcecode.swift; path = SearchViewController.swift; sourceTree = "<group>"; };
		BFACA5431F9B2499003EB555 /* Base */ = {isa = PBXFileReference; lastKnownFileType = file.storyboard; name = Base; path = Base.lproj/Main.storyboard; sourceTree = "<group>"; };
		BFACA5451F9B2499003EB555 /* Assets.xcassets */ = {isa = PBXFileReference; lastKnownFileType = folder.assetcatalog; path = Assets.xcassets; sourceTree = "<group>"; };
		BFACA54A1F9B2499003EB555 /* Info.plist */ = {isa = PBXFileReference; lastKnownFileType = text.plist.xml; path = Info.plist; sourceTree = "<group>"; };
		BFACA55E1F9B3FB9003EB555 /* APIService.swift */ = {isa = PBXFileReference; fileEncoding = 4; lastKnownFileType = sourcecode.swift; path = APIService.swift; sourceTree = "<group>"; };
		BFACA5601F9B4CE1003EB555 /* Constants.swift */ = {isa = PBXFileReference; fileEncoding = 4; lastKnownFileType = sourcecode.swift; path = Constants.swift; sourceTree = "<group>"; };
		BFACA5661F9BA8E5003EB555 /* SearchRequest.swift */ = {isa = PBXFileReference; fileEncoding = 4; lastKnownFileType = sourcecode.swift; path = SearchRequest.swift; sourceTree = "<group>"; };
		BFACA5681F9BA934003EB555 /* BaseRequest.swift */ = {isa = PBXFileReference; fileEncoding = 4; lastKnownFileType = sourcecode.swift; path = BaseRequest.swift; sourceTree = "<group>"; };
		BFACA56C1F9C7538003EB555 /* CustomRequestAdapter.swift */ = {isa = PBXFileReference; fileEncoding = 4; lastKnownFileType = sourcecode.swift; path = CustomRequestAdapter.swift; sourceTree = "<group>"; };
		BFACA5701F9C7B5B003EB555 /* ErrorResponse.swift */ = {isa = PBXFileReference; fileEncoding = 4; lastKnownFileType = sourcecode.swift; path = ErrorResponse.swift; sourceTree = "<group>"; };
		BFACA5721F9C7E36003EB555 /* SearchResponse.swift */ = {isa = PBXFileReference; fileEncoding = 4; lastKnownFileType = sourcecode.swift; path = SearchResponse.swift; sourceTree = "<group>"; };
		BFACA5741F9CED73003EB555 /* User.swift */ = {isa = PBXFileReference; fileEncoding = 4; lastKnownFileType = sourcecode.swift; path = User.swift; sourceTree = "<group>"; };
		BFACA5771F9CEDBE003EB555 /* BaseModel.swift */ = {isa = PBXFileReference; fileEncoding = 4; lastKnownFileType = sourcecode.swift; path = BaseModel.swift; sourceTree = "<group>"; };
		BFBF4CFD1F9DC3CA00F1E48B /* BaseError.swift */ = {isa = PBXFileReference; fileEncoding = 4; lastKnownFileType = sourcecode.swift; path = BaseError.swift; sourceTree = "<group>"; };
		BFBF4D001F9DD9A400F1E48B /* URLs.swift */ = {isa = PBXFileReference; fileEncoding = 4; lastKnownFileType = sourcecode.swift; path = URLs.swift; sourceTree = "<group>"; };
		BFC08F57207F5CE900B79266 /* UserItemViewModel.swift */ = {isa = PBXFileReference; lastKnownFileType = sourcecode.swift; path = UserItemViewModel.swift; sourceTree = "<group>"; };
/* End PBXFileReference section */

/* Begin PBXFrameworksBuildPhase section */
		BFACA5381F9B2499003EB555 /* Frameworks */ = {
			isa = PBXFrameworksBuildPhase;
			buildActionMask = 2147483647;
			files = (
				7EA1CB01F340C2EDF20BE29F /* Pods_Structure_IOS.framework in Frameworks */,
			);
			runOnlyForDeploymentPostprocessing = 0;
		};
/* End PBXFrameworksBuildPhase section */

/* Begin PBXGroup section */
		85BABC364F51CB41684CF778 /* Frameworks */ = {
			isa = PBXGroup;
			children = (
				7D20A3FE6772D45D22CEB40A /* Pods_Structure_IOS.framework */,
			);
			name = Frameworks;
			sourceTree = "<group>";
		};
		BF48AFB9207B20AD002764A1 /* Widgets */ = {
			isa = PBXGroup;
			children = (
				BF48AFBB207B20D4002764A1 /* CustomView.swift */,
			);
			path = Widgets;
			sourceTree = "<group>";
		};
		BFACA5321F9B2499003EB555 = {
			isa = PBXGroup;
			children = (
				BFACA53D1F9B2499003EB555 /* Structure_IOS */,
				BFACA53C1F9B2499003EB555 /* Products */,
				FF99B43D2D5A369497EE4BED /* Pods */,
				85BABC364F51CB41684CF778 /* Frameworks */,
			);
			sourceTree = "<group>";
		};
		BFACA53C1F9B2499003EB555 /* Products */ = {
			isa = PBXGroup;
			children = (
				BFACA53B1F9B2499003EB555 /* Structure_IOS.app */,
			);
			name = Products;
			sourceTree = "<group>";
		};
		BFACA53D1F9B2499003EB555 /* Structure_IOS */ = {
			isa = PBXGroup;
			children = (
				BFACA53E1F9B2499003EB555 /* AppDelegate.swift */,
				BFACA54A1F9B2499003EB555 /* Info.plist */,
				BFF6907E207B051A005BFE83 /* Data */,
				BFF6908B207B0942005BFE83 /* Extensions */,
				BFF69092207B0AEA005BFE83 /* Repositories */,
				BFF6908D207B0A2A005BFE83 /* Resources */,
				BFF6908F207B0A68005BFE83 /* Scenes */,
				BFF69093207B0B22005BFE83 /* Utils */,
				BF48AFB9207B20AD002764A1 /* Widgets */,
			);
			path = Structure_IOS;
			sourceTree = "<group>";
		};
		BFC08F59207FACA900B79266 /* Cell */ = {
			isa = PBXGroup;
			children = (
				BFC08F57207F5CE900B79266 /* UserItemViewModel.swift */,
				BF3427321F9EF3A20083B79E /* ListUsersTableViewCell.swift */,
				BF3427331F9EF3A20083B79E /* ListUsersTableViewCell.xib */,
			);
			path = Cell;
			sourceTree = "<group>";
		};
		BFF6907E207B051A005BFE83 /* Data */ = {
			isa = PBXGroup;
			children = (
				BFF69088207B08C4005BFE83 /* Model */,
				BFF6907F207B0527005BFE83 /* Source */,
			);
			path = Data;
			sourceTree = "<group>";
		};
		BFF6907F207B0527005BFE83 /* Source */ = {
			isa = PBXGroup;
			children = (
				BFF69081207B054C005BFE83 /* Local */,
				BFF69080207B0544005BFE83 /* Remote */,
			);
			path = Source;
			sourceTree = "<group>";
		};
		BFF69080207B0544005BFE83 /* Remote */ = {
			isa = PBXGroup;
			children = (
				BFF69089207B090C005BFE83 /* Service */,
				BFF69084207B07BD005BFE83 /* API */,
			);
			path = Remote;
			sourceTree = "<group>";
		};
		BFF69081207B054C005BFE83 /* Local */ = {
			isa = PBXGroup;
			children = (
				BF48AFB7207B2098002764A1 /* LocalDatabase.swift */,
			);
			path = Local;
			sourceTree = "<group>";
		};
		BFF69083207B075E005BFE83 /* Request */ = {
			isa = PBXGroup;
			children = (
				BFACA5661F9BA8E5003EB555 /* SearchRequest.swift */,
				BFACA5681F9BA934003EB555 /* BaseRequest.swift */,
				BF5DF85C2081122F00D52EC7 /* BaseUploadRequest.swift */,
			);
			path = Request;
			sourceTree = "<group>";
		};
		BFF69084207B07BD005BFE83 /* API */ = {
			isa = PBXGroup;
			children = (
				BFF69087207B0849005BFE83 /* Response */,
				BFF69083207B075E005BFE83 /* Request */,
				BFF69086207B07F5005BFE83 /* Middleware */,
				BFF69085207B07C5005BFE83 /* Error */,
			);
			path = API;
			sourceTree = "<group>";
		};
		BFF69085207B07C5005BFE83 /* Error */ = {
			isa = PBXGroup;
			children = (
				BFACA5701F9C7B5B003EB555 /* ErrorResponse.swift */,
				BFBF4CFD1F9DC3CA00F1E48B /* BaseError.swift */,
			);
			path = Error;
			sourceTree = "<group>";
		};
		BFF69086207B07F5005BFE83 /* Middleware */ = {
			isa = PBXGroup;
			children = (
				BFACA56C1F9C7538003EB555 /* CustomRequestAdapter.swift */,
			);
			path = Middleware;
			sourceTree = "<group>";
		};
		BFF69087207B0849005BFE83 /* Response */ = {
			isa = PBXGroup;
			children = (
				BFACA5721F9C7E36003EB555 /* SearchResponse.swift */,
			);
			path = Response;
			sourceTree = "<group>";
		};
		BFF69088207B08C4005BFE83 /* Model */ = {
			isa = PBXGroup;
			children = (
				BFACA5741F9CED73003EB555 /* User.swift */,
				BFACA5771F9CEDBE003EB555 /* BaseModel.swift */,
			);
			path = Model;
			sourceTree = "<group>";
		};
		BFF69089207B090C005BFE83 /* Service */ = {
			isa = PBXGroup;
			children = (
				BFACA55E1F9B3FB9003EB555 /* APIService.swift */,
			);
			path = Service;
			sourceTree = "<group>";
		};
		BFF6908B207B0942005BFE83 /* Extensions */ = {
			isa = PBXGroup;
			children = (
				BF34273B1F9F387D0083B79E /* AlertViewControllerExtendsion.swift */,
				BF3427391F9F37C90083B79E /* UIViewControllerExtendsion.swift */,
				BF37BFF2209C5A2900CCBC48 /* ObservableExtension.swift */,
			);
			path = Extensions;
			sourceTree = "<group>";
		};
		BFF6908D207B0A2A005BFE83 /* Resources */ = {
			isa = PBXGroup;
			children = (
				BFACA5451F9B2499003EB555 /* Assets.xcassets */,
			);
			path = Resources;
			sourceTree = "<group>";
		};
		BFF6908F207B0A68005BFE83 /* Scenes */ = {
			isa = PBXGroup;
			children = (
				BFACA5421F9B2499003EB555 /* Main.storyboard */,
				BFF69091207B0AA0005BFE83 /* Search */,
				BFF69090207B0A77005BFE83 /* ListUser */,
				BF3427241F9EE3D80083B79E /* BaseUIViewController.swift */,
				BF7DEA2720AC6CE2001692B6 /* BaseNavigator.swift */,
			);
			path = Scenes;
			sourceTree = "<group>";
		};
		BFF69090207B0A77005BFE83 /* ListUser */ = {
			isa = PBXGroup;
			children = (
				BFC08F59207FACA900B79266 /* Cell */,
				BF34272D1F9EF1EE0083B79E /* ListUsersViewController.xib */,
				BF34272C1F9EF1EE0083B79E /* ListUsersViewController.swift */,
			);
			path = ListUser;
			sourceTree = "<group>";
		};
		BFF69091207B0AA0005BFE83 /* Search */ = {
			isa = PBXGroup;
			children = (
				BFACA5401F9B2499003EB555 /* SearchViewController.swift */,
				BF0A01CC207B6FF8002AD1DF /* SearchNavigator.swift */,
				BF5AD976209C3F9700F0CF6E /* SearchContract.swift */,
				BF5AD978209C431600F0CF6E /* SearchPresenter.swift */,
			);
			path = Search;
			sourceTree = "<group>";
		};
		BFF69092207B0AEA005BFE83 /* Repositories */ = {
			isa = PBXGroup;
			children = (
				BF6BD7D21F9D9A1B005AE359 /* UserRepository.swift */,
			);
			path = Repositories;
			sourceTree = "<group>";
		};
		BFF69093207B0B22005BFE83 /* Utils */ = {
			isa = PBXGroup;
			children = (
				BFBF4D001F9DD9A400F1E48B /* URLs.swift */,
				BFACA5601F9B4CE1003EB555 /* Constants.swift */,
			);
			path = Utils;
			sourceTree = "<group>";
		};
		FF99B43D2D5A369497EE4BED /* Pods */ = {
			isa = PBXGroup;
			children = (
				71E2255F413B57587C762BDB /* Pods-Structure_IOS.debug.xcconfig */,
				129EA84272B1A0610498CC0B /* Pods-Structure_IOS.release.xcconfig */,
			);
			name = Pods;
			sourceTree = "<group>";
		};
/* End PBXGroup section */

/* Begin PBXNativeTarget section */
		BFACA53A1F9B2499003EB555 /* Structure_IOS */ = {
			isa = PBXNativeTarget;
			buildConfigurationList = BFACA54D1F9B2499003EB555 /* Build configuration list for PBXNativeTarget "Structure_IOS" */;
			buildPhases = (
				6B4E6F9B03E5687F1A5545E0 /* [CP] Check Pods Manifest.lock */,
				BFACA5371F9B2499003EB555 /* Sources */,
				BFACA5381F9B2499003EB555 /* Frameworks */,
				BFACA5391F9B2499003EB555 /* Resources */,
				04F06687AA0F1C5FCE25A9E7 /* [CP] Embed Pods Frameworks */,
			);
			buildRules = (
			);
			dependencies = (
			);
			name = Structure_IOS;
			productName = Structure_IOS;
			productReference = BFACA53B1F9B2499003EB555 /* Structure_IOS.app */;
			productType = "com.apple.product-type.application";
		};
/* End PBXNativeTarget section */

/* Begin PBXProject section */
		BFACA5331F9B2499003EB555 /* Project object */ = {
			isa = PBXProject;
			attributes = {
				LastSwiftUpdateCheck = 0830;
				LastUpgradeCheck = 0940;
				ORGANIZATIONNAME = DaoLQ;
				TargetAttributes = {
					BFACA53A1F9B2499003EB555 = {
						CreatedOnToolsVersion = 8.3.3;
						DevelopmentTeam = QRJNQQU64D;
						LastSwiftMigration = 0920;
						ProvisioningStyle = Automatic;
					};
				};
			};
			buildConfigurationList = BFACA5361F9B2499003EB555 /* Build configuration list for PBXProject "Structure_IOS" */;
			compatibilityVersion = "Xcode 3.2";
			developmentRegion = English;
			hasScannedForEncodings = 0;
			knownRegions = (
				en,
				Base,
			);
			mainGroup = BFACA5321F9B2499003EB555;
			productRefGroup = BFACA53C1F9B2499003EB555 /* Products */;
			projectDirPath = "";
			projectRoot = "";
			targets = (
				BFACA53A1F9B2499003EB555 /* Structure_IOS */,
			);
		};
/* End PBXProject section */

/* Begin PBXResourcesBuildPhase section */
		BFACA5391F9B2499003EB555 /* Resources */ = {
			isa = PBXResourcesBuildPhase;
			buildActionMask = 2147483647;
			files = (
				BF34272F1F9EF1EE0083B79E /* ListUsersViewController.xib in Resources */,
				BFACA5461F9B2499003EB555 /* Assets.xcassets in Resources */,
				BFACA5441F9B2499003EB555 /* Main.storyboard in Resources */,
				BF3427351F9EF3A20083B79E /* ListUsersTableViewCell.xib in Resources */,
			);
			runOnlyForDeploymentPostprocessing = 0;
		};
/* End PBXResourcesBuildPhase section */

/* Begin PBXShellScriptBuildPhase section */
		04F06687AA0F1C5FCE25A9E7 /* [CP] Embed Pods Frameworks */ = {
			isa = PBXShellScriptBuildPhase;
			buildActionMask = 2147483647;
			files = (
			);
			inputPaths = (
				"${SRCROOT}/Pods/Target Support Files/Pods-Structure_IOS/Pods-Structure_IOS-frameworks.sh",
				"${BUILT_PRODUCTS_DIR}/Alamofire/Alamofire.framework",
				"${BUILT_PRODUCTS_DIR}/AlamofireObjectMapper/AlamofireObjectMapper.framework",
				"${BUILT_PRODUCTS_DIR}/ObjectMapper/ObjectMapper.framework",
				"${BUILT_PRODUCTS_DIR}/RxSwift/RxSwift.framework",
				"${BUILT_PRODUCTS_DIR}/SVProgressHUD/SVProgressHUD.framework",
			);
			name = "[CP] Embed Pods Frameworks";
			outputPaths = (
				"${TARGET_BUILD_DIR}/${FRAMEWORKS_FOLDER_PATH}/Alamofire.framework",
				"${TARGET_BUILD_DIR}/${FRAMEWORKS_FOLDER_PATH}/AlamofireObjectMapper.framework",
				"${TARGET_BUILD_DIR}/${FRAMEWORKS_FOLDER_PATH}/ObjectMapper.framework",
				"${TARGET_BUILD_DIR}/${FRAMEWORKS_FOLDER_PATH}/RxSwift.framework",
				"${TARGET_BUILD_DIR}/${FRAMEWORKS_FOLDER_PATH}/SVProgressHUD.framework",
			);
			runOnlyForDeploymentPostprocessing = 0;
			shellPath = /bin/sh;
			shellScript = "\"${SRCROOT}/Pods/Target Support Files/Pods-Structure_IOS/Pods-Structure_IOS-frameworks.sh\"\n";
			showEnvVarsInLog = 0;
		};
		6B4E6F9B03E5687F1A5545E0 /* [CP] Check Pods Manifest.lock */ = {
			isa = PBXShellScriptBuildPhase;
			buildActionMask = 2147483647;
			files = (
			);
			inputPaths = (
				"${PODS_PODFILE_DIR_PATH}/Podfile.lock",
				"${PODS_ROOT}/Manifest.lock",
			);
			name = "[CP] Check Pods Manifest.lock";
			outputPaths = (
				"$(DERIVED_FILE_DIR)/Pods-Structure_IOS-checkManifestLockResult.txt",
			);
			runOnlyForDeploymentPostprocessing = 0;
			shellPath = /bin/sh;
			shellScript = "diff \"${PODS_PODFILE_DIR_PATH}/Podfile.lock\" \"${PODS_ROOT}/Manifest.lock\" > /dev/null\nif [ $? != 0 ] ; then\n    # print error to STDERR\n    echo \"error: The sandbox is not in sync with the Podfile.lock. Run 'pod install' or update your CocoaPods installation.\" >&2\n    exit 1\nfi\n# This output is used by Xcode 'outputs' to avoid re-running this script phase.\necho \"SUCCESS\" > \"${SCRIPT_OUTPUT_FILE_0}\"\n";
			showEnvVarsInLog = 0;
		};
/* End PBXShellScriptBuildPhase section */

/* Begin PBXSourcesBuildPhase section */
		BFACA5371F9B2499003EB555 /* Sources */ = {
			isa = PBXSourcesBuildPhase;
			buildActionMask = 2147483647;
			files = (
				BFACA5751F9CED73003EB555 /* User.swift in Sources */,
				BF5AD977209C3F9700F0CF6E /* SearchContract.swift in Sources */,
				BF34273C1F9F387D0083B79E /* AlertViewControllerExtendsion.swift in Sources */,
				BFACA5411F9B2499003EB555 /* SearchViewController.swift in Sources */,
				BFACA5781F9CEDBE003EB555 /* BaseModel.swift in Sources */,
				BFACA5671F9BA8E5003EB555 /* SearchRequest.swift in Sources */,
				BFBF4CFE1F9DC3CA00F1E48B /* BaseError.swift in Sources */,
				BFACA55F1F9B3FB9003EB555 /* APIService.swift in Sources */,
				BFACA53F1F9B2499003EB555 /* AppDelegate.swift in Sources */,
				BFACA5691F9BA934003EB555 /* BaseRequest.swift in Sources */,
				BF48AFB8207B2098002764A1 /* LocalDatabase.swift in Sources */,
				BFC08F58207F5CE900B79266 /* UserItemViewModel.swift in Sources */,
				BF34272E1F9EF1EE0083B79E /* ListUsersViewController.swift in Sources */,
				BFACA5731F9C7E36003EB555 /* SearchResponse.swift in Sources */,
				BF7DEA2820AC6CE2001692B6 /* BaseNavigator.swift in Sources */,
				BF37BFF3209C5A2900CCBC48 /* ObservableExtension.swift in Sources */,
				BFACA5711F9C7B5B003EB555 /* ErrorResponse.swift in Sources */,
				BF3427341F9EF3A20083B79E /* ListUsersTableViewCell.swift in Sources */,
				BFBF4D011F9DD9A400F1E48B /* URLs.swift in Sources */,
				BF34273A1F9F37C90083B79E /* UIViewControllerExtendsion.swift in Sources */,
				BF0A01CD207B6FF8002AD1DF /* SearchNavigator.swift in Sources */,
				BF48AFBC207B20D4002764A1 /* CustomView.swift in Sources */,
				BF6BD7D31F9D9A1B005AE359 /* UserRepository.swift in Sources */,
				BF3427251F9EE3D80083B79E /* BaseUIViewController.swift in Sources */,
				BFACA56D1F9C7538003EB555 /* CustomRequestAdapter.swift in Sources */,
				BFACA5611F9B4CE1003EB555 /* Constants.swift in Sources */,
				BF5AD979209C431600F0CF6E /* SearchPresenter.swift in Sources */,
				BF5DF85D2081122F00D52EC7 /* BaseUploadRequest.swift in Sources */,
			);
			runOnlyForDeploymentPostprocessing = 0;
		};
/* End PBXSourcesBuildPhase section */

/* Begin PBXVariantGroup section */
		BFACA5421F9B2499003EB555 /* Main.storyboard */ = {
			isa = PBXVariantGroup;
			children = (
				BFACA5431F9B2499003EB555 /* Base */,
			);
			name = Main.storyboard;
			sourceTree = "<group>";
		};
/* End PBXVariantGroup section */

/* Begin XCBuildConfiguration section */
		BFACA54B1F9B2499003EB555 /* Debug */ = {
			isa = XCBuildConfiguration;
			buildSettings = {
				ALWAYS_SEARCH_USER_PATHS = NO;
				CLANG_ANALYZER_NONNULL = YES;
				CLANG_ANALYZER_NUMBER_OBJECT_CONVERSION = YES_AGGRESSIVE;
				CLANG_CXX_LANGUAGE_STANDARD = "gnu++0x";
				CLANG_CXX_LIBRARY = "libc++";
				CLANG_ENABLE_MODULES = YES;
				CLANG_ENABLE_OBJC_ARC = YES;
				CLANG_WARN_BLOCK_CAPTURE_AUTORELEASING = YES;
				CLANG_WARN_BOOL_CONVERSION = YES;
				CLANG_WARN_COMMA = YES;
				CLANG_WARN_CONSTANT_CONVERSION = YES;
				CLANG_WARN_DEPRECATED_OBJC_IMPLEMENTATIONS = YES;
				CLANG_WARN_DIRECT_OBJC_ISA_USAGE = YES_ERROR;
				CLANG_WARN_DOCUMENTATION_COMMENTS = YES;
				CLANG_WARN_EMPTY_BODY = YES;
				CLANG_WARN_ENUM_CONVERSION = YES;
				CLANG_WARN_INFINITE_RECURSION = YES;
				CLANG_WARN_INT_CONVERSION = YES;
				CLANG_WARN_NON_LITERAL_NULL_CONVERSION = YES;
				CLANG_WARN_OBJC_IMPLICIT_RETAIN_SELF = YES;
				CLANG_WARN_OBJC_LITERAL_CONVERSION = YES;
				CLANG_WARN_OBJC_ROOT_CLASS = YES_ERROR;
				CLANG_WARN_RANGE_LOOP_ANALYSIS = YES;
				CLANG_WARN_STRICT_PROTOTYPES = YES;
				CLANG_WARN_SUSPICIOUS_MOVE = YES;
				CLANG_WARN_UNREACHABLE_CODE = YES;
				CLANG_WARN__DUPLICATE_METHOD_MATCH = YES;
				"CODE_SIGN_IDENTITY[sdk=iphoneos*]" = "iPhone Developer";
				COPY_PHASE_STRIP = NO;
				DEBUG_INFORMATION_FORMAT = dwarf;
				ENABLE_STRICT_OBJC_MSGSEND = YES;
				ENABLE_TESTABILITY = YES;
				GCC_C_LANGUAGE_STANDARD = gnu99;
				GCC_DYNAMIC_NO_PIC = NO;
				GCC_NO_COMMON_BLOCKS = YES;
				GCC_OPTIMIZATION_LEVEL = 0;
				GCC_PREPROCESSOR_DEFINITIONS = (
					"DEBUG=1",
					"$(inherited)",
				);
				GCC_WARN_64_TO_32_BIT_CONVERSION = YES;
				GCC_WARN_ABOUT_RETURN_TYPE = YES_ERROR;
				GCC_WARN_UNDECLARED_SELECTOR = YES;
				GCC_WARN_UNINITIALIZED_AUTOS = YES_AGGRESSIVE;
				GCC_WARN_UNUSED_FUNCTION = YES;
				GCC_WARN_UNUSED_VARIABLE = YES;
				IPHONEOS_DEPLOYMENT_TARGET = 10.3;
				MTL_ENABLE_DEBUG_INFO = YES;
				ONLY_ACTIVE_ARCH = YES;
				SDKROOT = iphoneos;
				SWIFT_ACTIVE_COMPILATION_CONDITIONS = DEBUG;
				SWIFT_OPTIMIZATION_LEVEL = "-Onone";
			};
			name = Debug;
		};
		BFACA54C1F9B2499003EB555 /* Release */ = {
			isa = XCBuildConfiguration;
			buildSettings = {
				ALWAYS_SEARCH_USER_PATHS = NO;
				CLANG_ANALYZER_NONNULL = YES;
				CLANG_ANALYZER_NUMBER_OBJECT_CONVERSION = YES_AGGRESSIVE;
				CLANG_CXX_LANGUAGE_STANDARD = "gnu++0x";
				CLANG_CXX_LIBRARY = "libc++";
				CLANG_ENABLE_MODULES = YES;
				CLANG_ENABLE_OBJC_ARC = YES;
				CLANG_WARN_BLOCK_CAPTURE_AUTORELEASING = YES;
				CLANG_WARN_BOOL_CONVERSION = YES;
				CLANG_WARN_COMMA = YES;
				CLANG_WARN_CONSTANT_CONVERSION = YES;
				CLANG_WARN_DEPRECATED_OBJC_IMPLEMENTATIONS = YES;
				CLANG_WARN_DIRECT_OBJC_ISA_USAGE = YES_ERROR;
				CLANG_WARN_DOCUMENTATION_COMMENTS = YES;
				CLANG_WARN_EMPTY_BODY = YES;
				CLANG_WARN_ENUM_CONVERSION = YES;
				CLANG_WARN_INFINITE_RECURSION = YES;
				CLANG_WARN_INT_CONVERSION = YES;
				CLANG_WARN_NON_LITERAL_NULL_CONVERSION = YES;
				CLANG_WARN_OBJC_IMPLICIT_RETAIN_SELF = YES;
				CLANG_WARN_OBJC_LITERAL_CONVERSION = YES;
				CLANG_WARN_OBJC_ROOT_CLASS = YES_ERROR;
				CLANG_WARN_RANGE_LOOP_ANALYSIS = YES;
				CLANG_WARN_STRICT_PROTOTYPES = YES;
				CLANG_WARN_SUSPICIOUS_MOVE = YES;
				CLANG_WARN_UNREACHABLE_CODE = YES;
				CLANG_WARN__DUPLICATE_METHOD_MATCH = YES;
				"CODE_SIGN_IDENTITY[sdk=iphoneos*]" = "iPhone Developer";
				COPY_PHASE_STRIP = NO;
				DEBUG_INFORMATION_FORMAT = "dwarf-with-dsym";
				ENABLE_NS_ASSERTIONS = NO;
				ENABLE_STRICT_OBJC_MSGSEND = YES;
				GCC_C_LANGUAGE_STANDARD = gnu99;
				GCC_NO_COMMON_BLOCKS = YES;
				GCC_WARN_64_TO_32_BIT_CONVERSION = YES;
				GCC_WARN_ABOUT_RETURN_TYPE = YES_ERROR;
				GCC_WARN_UNDECLARED_SELECTOR = YES;
				GCC_WARN_UNINITIALIZED_AUTOS = YES_AGGRESSIVE;
				GCC_WARN_UNUSED_FUNCTION = YES;
				GCC_WARN_UNUSED_VARIABLE = YES;
				IPHONEOS_DEPLOYMENT_TARGET = 10.3;
				MTL_ENABLE_DEBUG_INFO = NO;
				SDKROOT = iphoneos;
				SWIFT_OPTIMIZATION_LEVEL = "-Owholemodule";
				VALIDATE_PRODUCT = YES;
			};
			name = Release;
		};
		BFACA54E1F9B2499003EB555 /* Debug */ = {
			isa = XCBuildConfiguration;
			baseConfigurationReference = 71E2255F413B57587C762BDB /* Pods-Structure_IOS.debug.xcconfig */;
			buildSettings = {
				ASSETCATALOG_COMPILER_APPICON_NAME = AppIcon;
				DEVELOPMENT_TEAM = QRJNQQU64D;
				INFOPLIST_FILE = Structure_IOS/Info.plist;
				LD_RUNPATH_SEARCH_PATHS = "$(inherited) @executable_path/Frameworks";
				PRODUCT_BUNDLE_IDENTIFIER = "com.fstyle.Structure-IOS";
				PRODUCT_NAME = "$(TARGET_NAME)";
				SWIFT_SWIFT3_OBJC_INFERENCE = On;
				SWIFT_VERSION = 4.0;
			};
			name = Debug;
		};
		BFACA54F1F9B2499003EB555 /* Release */ = {
			isa = XCBuildConfiguration;
			baseConfigurationReference = 129EA84272B1A0610498CC0B /* Pods-Structure_IOS.release.xcconfig */;
			buildSettings = {
				ASSETCATALOG_COMPILER_APPICON_NAME = AppIcon;
				DEVELOPMENT_TEAM = QRJNQQU64D;
				INFOPLIST_FILE = Structure_IOS/Info.plist;
				LD_RUNPATH_SEARCH_PATHS = "$(inherited) @executable_path/Frameworks";
				PRODUCT_BUNDLE_IDENTIFIER = "com.fstyle.Structure-IOS";
				PRODUCT_NAME = "$(TARGET_NAME)";
				SWIFT_SWIFT3_OBJC_INFERENCE = On;
				SWIFT_VERSION = 4.0;
			};
			name = Release;
		};
/* End XCBuildConfiguration section */

/* Begin XCConfigurationList section */
		BFACA5361F9B2499003EB555 /* Build configuration list for PBXProject "Structure_IOS" */ = {
			isa = XCConfigurationList;
			buildConfigurations = (
				BFACA54B1F9B2499003EB555 /* Debug */,
				BFACA54C1F9B2499003EB555 /* Release */,
			);
			defaultConfigurationIsVisible = 0;
			defaultConfigurationName = Release;
		};
		BFACA54D1F9B2499003EB555 /* Build configuration list for PBXNativeTarget "Structure_IOS" */ = {
			isa = XCConfigurationList;
			buildConfigurations = (
				BFACA54E1F9B2499003EB555 /* Debug */,
				BFACA54F1F9B2499003EB555 /* Release */,
			);
			defaultConfigurationIsVisible = 0;
			defaultConfigurationName = Release;
		};
/* End XCConfigurationList section */
	};
	rootObject = BFACA5331F9B2499003EB555 /* Project object */;
}
